
Microsoft Visual Studio Solution File, Format Version 12.00
# Visual Studio Version 17
VisualStudioVersion = 17.9.34728.123
MinimumVisualStudioVersion = 10.0.40219.1
Project("{FAE04EC0-301F-11D3-BF4B-00C04F79EFBC}") = "VerificationProvider", "VerificationProvider\VerificationProvider.csproj", "{0A5B815F-D811-4EB0-974C-1DEF233CDFC4}"
EndProject
Project("{FAE04EC0-301F-11D3-BF4B-00C04F79EFBC}") = "Data", "Data\Data.csproj", "{8CB0777A-81F2-4B1C-BD98-D3DEE01DB2EE}"
EndProject
Global
	GlobalSection(SolutionConfigurationPlatforms) = preSolution
		Debug|Any CPU = Debug|Any CPU
		Release|Any CPU = Release|Any CPU
	EndGlobalSection
	GlobalSection(ProjectConfigurationPlatforms) = postSolution
		{0A5B815F-D811-4EB0-974C-1DEF233CDFC4}.Debug|Any CPU.ActiveCfg = Debug|Any CPU
		{0A5B815F-D811-4EB0-974C-1DEF233CDFC4}.Debug|Any CPU.Build.0 = Debug|Any CPU
		{0A5B815F-D811-4EB0-974C-1DEF233CDFC4}.Release|Any CPU.ActiveCfg = Release|Any CPU
		{0A5B815F-D811-4EB0-974C-1DEF233CDFC4}.Release|Any CPU.Build.0 = Release|Any CPU
		{8CB0777A-81F2-4B1C-BD98-D3DEE01DB2EE}.Debug|Any CPU.ActiveCfg = Debug|Any CPU
		{8CB0777A-81F2-4B1C-BD98-D3DEE01DB2EE}.Debug|Any CPU.Build.0 = Debug|Any CPU
		{8CB0777A-81F2-4B1C-BD98-D3DEE01DB2EE}.Release|Any CPU.ActiveCfg = Release|Any CPU
		{8CB0777A-81F2-4B1C-BD98-D3DEE01DB2EE}.Release|Any CPU.Build.0 = Release|Any CPU
	EndGlobalSection
	GlobalSection(SolutionProperties) = preSolution
		HideSolutionNode = FALSE
	EndGlobalSection
	GlobalSection(ExtensibilityGlobals) = postSolution
		SolutionGuid = {E7513F36-DC0F-45DE-87FA-9DDBA912BB6C}
	EndGlobalSection
EndGlobal
